// !$*UTF8*$!
{
	archiveVersion = 1;
	classes = {
	};
	objectVersion = 56;
	objects = {

/* Begin PBXBuildFile section */
		9E2B4A262B8F3D0100C4A5E2 /* MarsRoverApp.swift in Sources */ = {isa = PBXBuildFile; fileRef = 9E2B4A212B8F3D0100C4A5E2 /* MarsRoverApp.swift */; };
		9E2B4A272B8F3D0100C4A5E2 /* ContentView.swift in Sources */ = {isa = PBXBuildFile; fileRef = 9E2B4A222B8F3D0100C4A5E2 /* ContentView.swift */; };
		9E2B4A282B8F3D0100C4A5E2 /* shared.xcframework in Frameworks */ = {isa = PBXBuildFile; fileRef = 9E2B4A242B8F3D0100C4A5E2 /* shared.framework */; };
		E1E8324BB9DB46D5AC0EDE56 /* shared.xcframework in Embed Frameworks */ = {isa = PBXBuildFile; fileRef = 9E2B4A242B8F3D0100C4A5E2 /* shared.framework */; settings = {ATTRIBUTES = (CodeSignOnCopy, RemoveHeadersOnCopy, ); }; };
		9E2B4A362B8F3D0100C4A5E2 /* GoogleService-Info.plist in Resources */ = {isa = PBXBuildFile; fileRef = 9E2B4A352B8F3D0100C4A5E2 /* GoogleService-Info.plist */; };
		BA2278222FBE0E6B00AF0A32 /* Assets.xcassets in Resources */ = {isa = PBXBuildFile; fileRef = BA2278212FBE0E6B00AF0A32 /* Assets.xcassets */; };
		BA2278142FBE0E6B00AF0A32 /* FirebaseAnalytics in Frameworks */ = {isa = PBXBuildFile; productRef = BA2278132FBE0E6B00AF0A32 /* FirebaseAnalytics */; };
		BA2278162FBE0E6B00AF0A32 /* FirebaseAnalyticsCore in Frameworks */ = {isa = PBXBuildFile; productRef = BA2278152FBE0E6B00AF0A32 /* FirebaseAnalyticsCore */; };
		BA2278182FBE0E6B00AF0A32 /* FirebaseCore in Frameworks */ = {isa = PBXBuildFile; productRef = BA2278172FBE0E6B00AF0A32 /* FirebaseCore */; };
		BA22781A2FBE0E6B00AF0A32 /* FirebaseCrashlytics in Frameworks */ = {isa = PBXBuildFile; productRef = BA2278192FBE0E6B00AF0A32 /* FirebaseCrashlytics */; };
		BA22781C2FBE0E6B00AF0A32 /* FirebaseFirestore in Frameworks */ = {isa = PBXBuildFile; productRef = BA22781B2FBE0E6B00AF0A32 /* FirebaseFirestore */; };
		BA22781E2FBE0E6B00AF0A32 /* FirebasePerformance in Frameworks */ = {isa = PBXBuildFile; productRef = BA22781D2FBE0E6B00AF0A32 /* FirebasePerformance */; };
		BA2278202FBE0E6B00AF0A32 /* FirebaseStorage in Frameworks */ = {isa = PBXBuildFile; productRef = BA22781F2FBE0E6B00AF0A32 /* FirebaseStorage */; };
		BAA1110001000000A0000011 /* BannerAdFactory.swift in Sources */ = {isa = PBXBuildFile; fileRef = BAA1110001000000A0000010 /* BannerAdFactory.swift */; };
		BAA1110002000000A0000014 /* GoogleMobileAds in Frameworks */ = {isa = PBXBuildFile; productRef = BAA1110002000000A0000013 /* GoogleMobileAds */; };
		BAA1110003000000A0000017 /* UserMessagingPlatform in Frameworks */ = {isa = PBXBuildFile; productRef = BAA1110003000000A0000016 /* UserMessagingPlatform */; };
/* End PBXBuildFile section */

/* Begin PBXCopyFilesBuildPhase section */
		9E2B4A2E2B8F3D0100C4A5E2 /* Embed Frameworks */ = {
			isa = PBXCopyFilesBuildPhase;
			buildActionMask = 2147483647;
			dstPath = "";
			dstSubfolderSpec = 10;
			files = (
				E1E8324BB9DB46D5AC0EDE56 /* shared.xcframework in Embed Frameworks */,
			);
			name = "Embed Frameworks";
			runOnlyForDeploymentPostprocessing = 0;
		};
/* End PBXCopyFilesBuildPhase section */

/* Begin PBXFileReference section */
		9E2B4A212B8F3D0100C4A5E2 /* MarsRoverApp.swift */ = {isa = PBXFileReference; lastKnownFileType = sourcecode.swift; path = MarsRoverApp.swift; sourceTree = "<group>"; };
		9E2B4A222B8F3D0100C4A5E2 /* ContentView.swift */ = {isa = PBXFileReference; lastKnownFileType = sourcecode.swift; path = ContentView.swift; sourceTree = "<group>"; };
		9E2B4A232B8F3D0100C4A5E2 /* Info.plist */ = {isa = PBXFileReference; lastKnownFileType = text.plist.xml; path = Info.plist; sourceTree = "<group>"; };
		726B44A0A95A4F0F9D5E8B75 /* iosApp.entitlements */ = {isa = PBXFileReference; lastKnownFileType = text.plist.entitlements; path = iosApp.entitlements; sourceTree = "<group>"; };
		9E2B4A242B8F3D0100C4A5E2 /* shared.xcframework */ = {isa = PBXFileReference; lastKnownFileType = wrapper.xcframework; name = shared.xcframework; path = ../shared/build/XCFrameworks/debug/shared.xcframework; sourceTree = SOURCE_ROOT; };
		9E2B4A252B8F3D0100C4A5E2 /* iosApp.app */ = {isa = PBXFileReference; explicitFileType = wrapper.application; includeInIndex = 0; path = iosApp.app; sourceTree = BUILT_PRODUCTS_DIR; };
		9E2B4A352B8F3D0100C4A5E2 /* GoogleService-Info.plist */ = {isa = PBXFileReference; lastKnownFileType = text.plist.xml; path = "GoogleService-Info.plist"; sourceTree = "<group>"; };
		BAA1110001000000A0000010 /* BannerAdFactory.swift */ = {isa = PBXFileReference; lastKnownFileType = sourcecode.swift; path = BannerAdFactory.swift; sourceTree = "<group>"; };
		BA2278212FBE0E6B00AF0A32 /* Assets.xcassets */ = {isa = PBXFileReference; lastKnownFileType = folder.assetcatalog; path = Assets.xcassets; sourceTree = "<group>"; };
/* End PBXFileReference section */

/* Begin PBXFrameworksBuildPhase section */
		9E2B4A2C2B8F3D0100C4A5E2 /* Frameworks */ = {
			isa = PBXFrameworksBuildPhase;
			buildActionMask = 2147483647;
			files = (
				BA22781E2FBE0E6B00AF0A32 /* FirebasePerformance in Frameworks */,
				BA2278142FBE0E6B00AF0A32 /* FirebaseAnalytics in Frameworks */,
				BA2278162FBE0E6B00AF0A32 /* FirebaseAnalyticsCore in Frameworks */,
				BA22781A2FBE0E6B00AF0A32 /* FirebaseCrashlytics in Frameworks */,
				BA2278182FBE0E6B00AF0A32 /* FirebaseCore in Frameworks */,
				BA2278202FBE0E6B00AF0A32 /* FirebaseStorage in Frameworks */,
				9E2B4A282B8F3D0100C4A5E2 /* shared.xcframework in Frameworks */,
				BA22781C2FBE0E6B00AF0A32 /* FirebaseFirestore in Frameworks */,
				BAA1110002000000A0000014 /* GoogleMobileAds in Frameworks */,
				BAA1110003000000A0000017 /* UserMessagingPlatform in Frameworks */,
			);
			runOnlyForDeploymentPostprocessing = 0;
		};
/* End PBXFrameworksBuildPhase section */

/* Begin PBXGroup section */
		9E2B4A1D2B8F3D0100C4A5E2 = {
			isa = PBXGroup;
			children = (
				9E2B4A1F2B8F3D0100C4A5E2 /* iosApp */,
				9E2B4A242B8F3D0100C4A5E2 /* shared.framework */,
				9E2B4A1E2B8F3D0100C4A5E2 /* Products */,
			);
			sourceTree = "<group>";
		};
		9E2B4A1E2B8F3D0100C4A5E2 /* Products */ = {
			isa = PBXGroup;
			children = (
				9E2B4A252B8F3D0100C4A5E2 /* iosApp.app */,
			);
			name = Products;
			sourceTree = "<group>";
		};
		9E2B4A1F2B8F3D0100C4A5E2 /* iosApp */ = {
			isa = PBXGroup;
			children = (
				9E2B4A212B8F3D0100C4A5E2 /* MarsRoverApp.swift */,
				9E2B4A222B8F3D0100C4A5E2 /* ContentView.swift */,
				BAA1110001000000A0000010 /* BannerAdFactory.swift */,
					9E2B4A232B8F3D0100C4A5E2 /* Info.plist */,
					726B44A0A95A4F0F9D5E8B75 /* iosApp.entitlements */,
					9E2B4A352B8F3D0100C4A5E2 /* GoogleService-Info.plist */,
					BA2278212FBE0E6B00AF0A32 /* Assets.xcassets */,
				);
			path = iosApp;
			sourceTree = "<group>";
		};
/* End PBXGroup section */

/* Begin PBXNativeTarget section */
		9E2B4A202B8F3D0100C4A5E2 /* iosApp */ = {
			isa = PBXNativeTarget;
			buildConfigurationList = 9E2B4A342B8F3D0100C4A5E2 /* Build configuration list for PBXNativeTarget "iosApp" */;
			buildPhases = (
				9E2B4A2A2B8F3D0100C4A5E2 /* Build KMP Framework */,
				9E2B4A2B2B8F3D0100C4A5E2 /* Sources */,
				9E2B4A2C2B8F3D0100C4A5E2 /* Frameworks */,
				9E2B4A2D2B8F3D0100C4A5E2 /* Resources */,
				9E2B4A2E2B8F3D0100C4A5E2 /* Embed Frameworks */,
			);
			buildRules = (
			);
			dependencies = (
			);
			name = iosApp;
			packageProductDependencies = (
				BA2278132FBE0E6B00AF0A32 /* FirebaseAnalytics */,
				BA2278152FBE0E6B00AF0A32 /* FirebaseAnalyticsCore */,
				BA2278172FBE0E6B00AF0A32 /* FirebaseCore */,
				BA2278192FBE0E6B00AF0A32 /* FirebaseCrashlytics */,
				BA22781B2FBE0E6B00AF0A32 /* FirebaseFirestore */,
				BA22781D2FBE0E6B00AF0A32 /* FirebasePerformance */,
				BA22781F2FBE0E6B00AF0A32 /* FirebaseStorage */,
				BAA1110002000000A0000013 /* GoogleMobileAds */,
				BAA1110003000000A0000016 /* UserMessagingPlatform */,
			);
			productName = iosApp;
			productReference = 9E2B4A252B8F3D0100C4A5E2 /* iosApp.app */;
			productType = "com.apple.product-type.application";
		};
/* End PBXNativeTarget section */

/* Begin PBXProject section */
		9E2B4A1C2B8F3D0100C4A5E2 /* Project object */ = {
			isa = PBXProject;
			attributes = {
				BuildIndependentTargetsInParallel = 1;
				LastSwiftUpdateCheck = 1500;
				LastUpgradeCheck = 1500;
				TargetAttributes = {
					9E2B4A202B8F3D0100C4A5E2 = {
						CreatedOnToolsVersion = 15.0;
					};
				};
			};
			buildConfigurationList = 9E2B4A332B8F3D0100C4A5E2 /* Build configuration list for PBXProject "iosApp" */;
			compatibilityVersion = "Xcode 14.0";
			developmentRegion = en;
			hasScannedForEncodings = 0;
			knownRegions = (
				en,
				Base,
			);
			mainGroup = 9E2B4A1D2B8F3D0100C4A5E2;
			packageReferences = (
				BA2278122FBE0E6B00AF0A32 /* XCRemoteSwiftPackageReference "firebase-ios-sdk" */,
				BAA1110002000000A0000012 /* XCRemoteSwiftPackageReference "swift-package-manager-google-mobile-ads" */,
				BAA1110003000000A0000015 /* XCRemoteSwiftPackageReference "swift-package-manager-google-user-messaging-platform" */,
			);
			productRefGroup = 9E2B4A1E2B8F3D0100C4A5E2 /* Products */;
			projectDirPath = "";
			projectRoot = "";
			targets = (
				9E2B4A202B8F3D0100C4A5E2 /* iosApp */,
			);
		};
/* End PBXProject section */

/* Begin PBXResourcesBuildPhase section */
		9E2B4A2D2B8F3D0100C4A5E2 /* Resources */ = {
			isa = PBXResourcesBuildPhase;
			buildActionMask = 2147483647;
			files = (
				9E2B4A362B8F3D0100C4A5E2 /* GoogleService-Info.plist in Resources */,
				BA2278222FBE0E6B00AF0A32 /* Assets.xcassets in Resources */,
			);
			runOnlyForDeploymentPostprocessing = 0;
		};
/* End PBXResourcesBuildPhase section */

/* Begin PBXShellScriptBuildPhase section */
		9E2B4A2A2B8F3D0100C4A5E2 /* Build KMP Framework */ = {
			isa = PBXShellScriptBuildPhase;
			alwaysOutOfDate = 1;
			buildActionMask = 2147483647;
			files = (
			);
			inputFileListPaths = (
			);
			inputPaths = (
			);
			name = "Build KMP Framework";
			outputFileListPaths = (
			);
			outputPaths = (
			);
			runOnlyForDeploymentPostprocessing = 0;
			shellPath = /bin/sh;
			shellScript = "cd \"$SRCROOT/..\"\n./gradlew :shared:assembleSharedDebugXCFramework\n";
		};
/* End PBXShellScriptBuildPhase section */

/* Begin PBXSourcesBuildPhase section */
		9E2B4A2B2B8F3D0100C4A5E2 /* Sources */ = {
			isa = PBXSourcesBuildPhase;
			buildActionMask = 2147483647;
			files = (
				9E2B4A262B8F3D0100C4A5E2 /* MarsRoverApp.swift in Sources */,
				9E2B4A272B8F3D0100C4A5E2 /* ContentView.swift in Sources */,
				BAA1110001000000A0000011 /* BannerAdFactory.swift in Sources */,
			);
			runOnlyForDeploymentPostprocessing = 0;
		};
/* End PBXSourcesBuildPhase section */

/* Begin XCBuildConfiguration section */
		9E2B4A2F2B8F3D0100C4A5E2 /* Debug */ = {
			isa = XCBuildConfiguration;
			buildSettings = {
				ALWAYS_SEARCH_USER_PATHS = NO;
				ASSETCATALOG_COMPILER_GENERATE_SWIFT_ASSET_SYMBOL_EXTENSIONS = YES;
				CLANG_ANALYZER_NONNULL = YES;
				CLANG_ANALYZER_NUMBER_OBJECT_CONVERSION = YES_AGGRESSIVE;
				CLANG_CXX_LANGUAGE_STANDARD = "gnu++20";
				CLANG_ENABLE_MODULES = YES;
				CLANG_ENABLE_OBJC_ARC = YES;
				CLANG_ENABLE_OBJC_WEAK = YES;
				CLANG_WARN_BLOCK_CAPTURE_AUTORELEASING = YES;
				CLANG_WARN_BOOL_CONVERSION = YES;
				CLANG_WARN_COMMA = YES;
				CLANG_WARN_CONSTANT_CONVERSION = YES;
				CLANG_WARN_DEPRECATED_OBJC_IMPLEMENTATIONS = YES;
				CLANG_WARN_DIRECT_OBJC_ISA_USAGE = YES_ERROR;
				CLANG_WARN_DOCUMENTATION_COMMENTS = YES;
				CLANG_WARN_EMPTY_BODY = YES;
				CLANG_WARN_ENUM_CONVERSION = YES;
				CLANG_WARN_INFINITE_RECURSION = YES;
				CLANG_WARN_INT_CONVERSION = YES;
				CLANG_WARN_NON_LITERAL_NULL_CONVERSION = YES;
				CLANG_WARN_OBJC_IMPLICIT_RETAIN_SELF = YES;
				CLANG_WARN_OBJC_LITERAL_CONVERSION = YES;
				CLANG_WARN_OBJC_ROOT_CLASS = YES_ERROR;
				CLANG_WARN_QUOTED_INCLUDE_IN_FRAMEWORK_HEADER = YES;
				CLANG_WARN_RANGE_LOOP_ANALYSIS = YES;
				CLANG_WARN_STRICT_PROTOTYPES = YES;
				CLANG_WARN_SUSPICIOUS_MOVE = YES;
				CLANG_WARN_UNGUARDED_AVAILABILITY = YES_AGGRESSIVE;
				CLANG_WARN_UNREACHABLE_CODE = YES;
				CLANG_WARN__DUPLICATE_METHOD_MATCH = YES;
				COPY_PHASE_STRIP = NO;
				DEBUG_INFORMATION_FORMAT = dwarf;
				ENABLE_STRICT_OBJC_MSGSEND = YES;
				ENABLE_TESTABILITY = YES;
				ENABLE_USER_SCRIPT_SANDBOXING = NO;
				GCC_C_LANGUAGE_STANDARD = gnu17;
				GCC_DYNAMIC_NO_PIC = NO;
				GCC_NO_COMMON_BLOCKS = YES;
				GCC_OPTIMIZATION_LEVEL = 0;
				GCC_PREPROCESSOR_DEFINITIONS = (
					"DEBUG=1",
					"$(inherited)",
				);
				GCC_WARN_64_TO_32_BIT_CONVERSION = YES;
				GCC_WARN_ABOUT_RETURN_TYPE = YES_ERROR;
				GCC_WARN_UNDECLARED_SELECTOR = YES;
				GCC_WARN_UNINITIALIZED_AUTOS = YES_AGGRESSIVE;
				GCC_WARN_UNUSED_FUNCTION = YES;
				GCC_WARN_UNUSED_VARIABLE = YES;
				IPHONEOS_DEPLOYMENT_TARGET = 15.0;
				MTL_ENABLE_DEBUG_INFO = INCLUDE_SOURCE;
				MTL_FAST_MATH = YES;
				ONLY_ACTIVE_ARCH = YES;
				SDKROOT = iphoneos;
				SWIFT_ACTIVE_COMPILATION_CONDITIONS = "DEBUG $(inherited)";
				SWIFT_OPTIMIZATION_LEVEL = "-Onone";
			};
			name = Debug;
		};
		9E2B4A302B8F3D0100C4A5E2 /* Release */ = {
			isa = XCBuildConfiguration;
			buildSettings = {
				ALWAYS_SEARCH_USER_PATHS = NO;
				ASSETCATALOG_COMPILER_GENERATE_SWIFT_ASSET_SYMBOL_EXTENSIONS = YES;
				CLANG_ANALYZER_NONNULL = YES;
				CLANG_ANALYZER_NUMBER_OBJECT_CONVERSION = YES_AGGRESSIVE;
				CLANG_CXX_LANGUAGE_STANDARD = "gnu++20";
				CLANG_ENABLE_MODULES = YES;
				CLANG_ENABLE_OBJC_ARC = YES;
				CLANG_ENABLE_OBJC_WEAK = YES;
				CLANG_WARN_BLOCK_CAPTURE_AUTORELEASING = YES;
				CLANG_WARN_BOOL_CONVERSION = YES;
				CLANG_WARN_COMMA = YES;
				CLANG_WARN_CONSTANT_CONVERSION = YES;
				CLANG_WARN_DEPRECATED_OBJC_IMPLEMENTATIONS = YES;
				CLANG_WARN_DIRECT_OBJC_ISA_USAGE = YES_ERROR;
				CLANG_WARN_DOCUMENTATION_COMMENTS = YES;
				CLANG_WARN_EMPTY_BODY = YES;
				CLANG_WARN_ENUM_CONVERSION = YES;
				CLANG_WARN_INFINITE_RECURSION = YES;
				CLANG_WARN_INT_CONVERSION = YES;
				CLANG_WARN_NON_LITERAL_NULL_CONVERSION = YES;
				CLANG_WARN_OBJC_IMPLICIT_RETAIN_SELF = YES;
				CLANG_WARN_OBJC_LITERAL_CONVERSION = YES;
				CLANG_WARN_OBJC_ROOT_CLASS = YES_ERROR;
				CLANG_WARN_QUOTED_INCLUDE_IN_FRAMEWORK_HEADER = YES;
				CLANG_WARN_RANGE_LOOP_ANALYSIS = YES;
				CLANG_WARN_STRICT_PROTOTYPES = YES;
				CLANG_WARN_SUSPICIOUS_MOVE = YES;
				CLANG_WARN_UNGUARDED_AVAILABILITY = YES_AGGRESSIVE;
				CLANG_WARN_UNREACHABLE_CODE = YES;
				CLANG_WARN__DUPLICATE_METHOD_MATCH = YES;
				COPY_PHASE_STRIP = NO;
				DEBUG_INFORMATION_FORMAT = "dwarf-with-dsym";
				ENABLE_NS_ASSERTIONS = NO;
				ENABLE_STRICT_OBJC_MSGSEND = YES;
				ENABLE_USER_SCRIPT_SANDBOXING = NO;
				GCC_C_LANGUAGE_STANDARD = gnu17;
				GCC_NO_COMMON_BLOCKS = YES;
				GCC_WARN_64_TO_32_BIT_CONVERSION = YES;
				GCC_WARN_ABOUT_RETURN_TYPE = YES_ERROR;
				GCC_WARN_UNDECLARED_SELECTOR = YES;
				GCC_WARN_UNINITIALIZED_AUTOS = YES_AGGRESSIVE;
				GCC_WARN_UNUSED_FUNCTION = YES;
				GCC_WARN_UNUSED_VARIABLE = YES;
				IPHONEOS_DEPLOYMENT_TARGET = 15.0;
				MTL_ENABLE_DEBUG_INFO = NO;
				MTL_FAST_MATH = YES;
				SDKROOT = iphoneos;
				SWIFT_COMPILATION_MODE = wholemodule;
				SWIFT_OPTIMIZATION_LEVEL = "-O";
				VALIDATE_PRODUCT = YES;
			};
			name = Release;
		};
		9E2B4A312B8F3D0100C4A5E2 /* Debug */ = {
			isa = XCBuildConfiguration;
			buildSettings = {
				ASSETCATALOG_COMPILER_APPICON_NAME = AppIcon;
				ASSETCATALOG_COMPILER_GLOBAL_ACCENT_COLOR_NAME = AccentColor;
					CODE_SIGN_STYLE = Automatic;
					CODE_SIGN_ENTITLEMENTS = iosApp/iosApp.entitlements;
					CURRENT_PROJECT_VERSION = 1;
				DEVELOPMENT_TEAM = 5MF89WU7WQ;
				GENERATE_INFOPLIST_FILE = NO;
				INFOPLIST_FILE = iosApp/Info.plist;
				INFOPLIST_KEY_UIApplicationSceneManifest_Generation = NO;
				INFOPLIST_KEY_UIApplicationSupportsIndirectInputEvents = YES;
				INFOPLIST_KEY_UILaunchScreen_Generation = NO;
				LD_RUNPATH_SEARCH_PATHS = (
					"$(inherited)",
					"@executable_path/Frameworks",
				);
				MARKETING_VERSION = 1.0;
				PRODUCT_BUNDLE_IDENTIFIER = com.sirelon.marsroverphotos;
				PRODUCT_NAME = "$(TARGET_NAME)";
				SWIFT_EMIT_LOC_STRINGS = YES;
				SWIFT_VERSION = 5.9;
				TARGETED_DEVICE_FAMILY = "1,2";
			};
			name = Debug;
		};
		9E2B4A322B8F3D0100C4A5E2 /* Release */ = {
			isa = XCBuildConfiguration;
			buildSettings = {
				ASSETCATALOG_COMPILER_APPICON_NAME = AppIcon;
				ASSETCATALOG_COMPILER_GLOBAL_ACCENT_COLOR_NAME = AccentColor;
					CODE_SIGN_STYLE = Automatic;
					CODE_SIGN_ENTITLEMENTS = iosApp/iosApp.entitlements;
					CURRENT_PROJECT_VERSION = 1;
				DEVELOPMENT_TEAM = 5MF89WU7WQ;
				GENERATE_INFOPLIST_FILE = NO;
				INFOPLIST_FILE = iosApp/Info.plist;
				INFOPLIST_KEY_UIApplicationSceneManifest_Generation = NO;
				INFOPLIST_KEY_UIApplicationSupportsIndirectInputEvents = YES;
				INFOPLIST_KEY_UILaunchScreen_Generation = NO;
				LD_RUNPATH_SEARCH_PATHS = (
					"$(inherited)",
					"@executable_path/Frameworks",
				);
				MARKETING_VERSION = 1.0;
				PRODUCT_BUNDLE_IDENTIFIER = com.sirelon.marsroverphotos;
				PRODUCT_NAME = "$(TARGET_NAME)";
				SWIFT_EMIT_LOC_STRINGS = YES;
				SWIFT_VERSION = 5.9;
				TARGETED_DEVICE_FAMILY = "1,2";
			};
			name = Release;
		};
/* End XCBuildConfiguration section */

/* Begin XCConfigurationList section */
		9E2B4A332B8F3D0100C4A5E2 /* Build configuration list for PBXProject "iosApp" */ = {
			isa = XCConfigurationList;
			buildConfigurations = (
				9E2B4A2F2B8F3D0100C4A5E2 /* Debug */,
				9E2B4A302B8F3D0100C4A5E2 /* Release */,
			);
			defaultConfigurationIsVisible = 0;
			defaultConfigurationName = Release;
		};
		9E2B4A342B8F3D0100C4A5E2 /* Build configuration list for PBXNativeTarget "iosApp" */ = {
			isa = XCConfigurationList;
			buildConfigurations = (
				9E2B4A312B8F3D0100C4A5E2 /* Debug */,
				9E2B4A322B8F3D0100C4A5E2 /* Release */,
			);
			defaultConfigurationIsVisible = 0;
			defaultConfigurationName = Release;
		};
/* End XCConfigurationList section */

/* Begin XCRemoteSwiftPackageReference section */
		BA2278122FBE0E6B00AF0A32 /* XCRemoteSwiftPackageReference "firebase-ios-sdk" */ = {
			isa = XCRemoteSwiftPackageReference;
			repositoryURL = "https://github.com/firebase/firebase-ios-sdk";
			requirement = {
				kind = upToNextMajorVersion;
				minimumVersion = 12.13.0;
			};
		};
		BAA1110002000000A0000012 /* XCRemoteSwiftPackageReference "swift-package-manager-google-mobile-ads" */ = {
			isa = XCRemoteSwiftPackageReference;
			repositoryURL = "https://github.com/googleads/swift-package-manager-google-mobile-ads";
			requirement = {
				kind = upToNextMajorVersion;
				minimumVersion = 12.0.0;
			};
		};
		BAA1110003000000A0000015 /* XCRemoteSwiftPackageReference "swift-package-manager-google-user-messaging-platform" */ = {
			isa = XCRemoteSwiftPackageReference;
			repositoryURL = "https://github.com/googleads/swift-package-manager-google-user-messaging-platform";
			requirement = {
				kind = upToNextMajorVersion;
				minimumVersion = 3.0.0;
			};
		};
/* End XCRemoteSwiftPackageReference section */

/* Begin XCSwiftPackageProductDependency section */
		BA2278132FBE0E6B00AF0A32 /* FirebaseAnalytics */ = {
			isa = XCSwiftPackageProductDependency;
			package = BA2278122FBE0E6B00AF0A32 /* XCRemoteSwiftPackageReference "firebase-ios-sdk" */;
			productName = FirebaseAnalytics;
		};
		BA2278152FBE0E6B00AF0A32 /* FirebaseAnalyticsCore */ = {
			isa = XCSwiftPackageProductDependency;
			package = BA2278122FBE0E6B00AF0A32 /* XCRemoteSwiftPackageReference "firebase-ios-sdk" */;
			productName = FirebaseAnalyticsCore;
		};
		BA2278172FBE0E6B00AF0A32 /* FirebaseCore */ = {
			isa = XCSwiftPackageProductDependency;
			package = BA2278122FBE0E6B00AF0A32 /* XCRemoteSwiftPackageReference "firebase-ios-sdk" */;
			productName = FirebaseCore;
		};
		BA2278192FBE0E6B00AF0A32 /* FirebaseCrashlytics */ = {
			isa = XCSwiftPackageProductDependency;
			package = BA2278122FBE0E6B00AF0A32 /* XCRemoteSwiftPackageReference "firebase-ios-sdk" */;
			productName = FirebaseCrashlytics;
		};
		BA22781B2FBE0E6B00AF0A32 /* FirebaseFirestore */ = {
			isa = XCSwiftPackageProductDependency;
			package = BA2278122FBE0E6B00AF0A32 /* XCRemoteSwiftPackageReference "firebase-ios-sdk" */;
			productName = FirebaseFirestore;
		};
		BA22781D2FBE0E6B00AF0A32 /* FirebasePerformance */ = {
			isa = XCSwiftPackageProductDependency;
			package = BA2278122FBE0E6B00AF0A32 /* XCRemoteSwiftPackageReference "firebase-ios-sdk" */;
			productName = FirebasePerformance;
		};
		BA22781F2FBE0E6B00AF0A32 /* FirebaseStorage */ = {
			isa = XCSwiftPackageProductDependency;
			package = BA2278122FBE0E6B00AF0A32 /* XCRemoteSwiftPackageReference "firebase-ios-sdk" */;
			productName = FirebaseStorage;
		};
		BAA1110002000000A0000013 /* GoogleMobileAds */ = {
			isa = XCSwiftPackageProductDependency;
			package = BAA1110002000000A0000012 /* XCRemoteSwiftPackageReference "swift-package-manager-google-mobile-ads" */;
			productName = GoogleMobileAds;
		};
		BAA1110003000000A0000016 /* UserMessagingPlatform */ = {
			isa = XCSwiftPackageProductDependency;
			package = BAA1110003000000A0000015 /* XCRemoteSwiftPackageReference "swift-package-manager-google-user-messaging-platform" */;
			productName = UserMessagingPlatform;
		};
/* End XCSwiftPackageProductDependency section */
	};
	rootObject = 9E2B4A1C2B8F3D0100C4A5E2 /* Project object */;
}
